
Microsoft Visual Studio Solution File, Format Version 12.00
# Visual Studio Version 17
VisualStudioVersion = 17.6.33927.249
MinimumVisualStudioVersion = 10.0.40219.1
Project("{FAE04EC0-301F-11D3-BF4B-00C04F79EFBC}") = "web_app_identity", "web_app_identity\web_app_identity.csproj", "{22770DC8-CC93-4890-92D1-A5450B9FFBDA}"
EndProject
Global
	GlobalSection(SolutionConfigurationPlatforms) = preSolution
		Debug|Any CPU = Debug|Any CPU
		Release|Any CPU = Release|Any CPU
	EndGlobalSection
	GlobalSection(ProjectConfigurationPlatforms) = postSolution
		{22770DC8-CC93-4890-92D1-A5450B9FFBDA}.Debug|Any CPU.ActiveCfg = Debug|Any CPU
		{22770DC8-CC93-4890-92D1-A5450B9FFBDA}.Debug|Any CPU.Build.0 = Debug|Any CPU
		{22770DC8-CC93-4890-92D1-A5450B9FFBDA}.Release|Any CPU.ActiveCfg = Release|Any CPU
		{22770DC8-CC93-4890-92D1-A5450B9FFBDA}.Release|Any CPU.Build.0 = Release|Any CPU
	EndGlobalSection
	GlobalSection(SolutionProperties) = preSolution
		HideSolutionNode = FALSE
	EndGlobalSection
	GlobalSection(ExtensibilityGlobals) = postSolution
		SolutionGuid = {DE6561D5-7FF9-4A0C-8833-216E2066FDFC}
	EndGlobalSection
EndGlobal
